
Microsoft Visual Studio Solution File, Format Version 12.00
# Visual Studio Version 17
VisualStudioVersion = 17.9.34622.214
MinimumVisualStudioVersion = 10.0.40219.1
Project("{FAE04EC0-301F-11D3-BF4B-00C04F79EFBC}") = "SIT221_1_2D", "SIT221_1_2D\SIT221_1_2D.csproj", "{06B8BAB6-F191-46DA-800B-86FF59B2C9B7}"
EndProject
Global
	GlobalSection(SolutionConfigurationPlatforms) = preSolution
		Debug|Any CPU = Debug|Any CPU
		Release|Any CPU = Release|Any CPU
	EndGlobalSection
	GlobalSection(ProjectConfigurationPlatforms) = postSolution
		{06B8BAB6-F191-46DA-800B-86FF59B2C9B7}.Debug|Any CPU.ActiveCfg = Debug|Any CPU
		{06B8BAB6-F191-46DA-800B-86FF59B2C9B7}.Debug|Any CPU.Build.0 = Debug|Any CPU
		{06B8BAB6-F191-46DA-800B-86FF59B2C9B7}.Release|Any CPU.ActiveCfg = Release|Any CPU
		{06B8BAB6-F191-46DA-800B-86FF59B2C9B7}.Release|Any CPU.Build.0 = Release|Any CPU
	EndGlobalSection
	GlobalSection(SolutionProperties) = preSolution
		HideSolutionNode = FALSE
	EndGlobalSection
	GlobalSection(ExtensibilityGlobals) = postSolution
		SolutionGuid = {00EA2825-C041-4412-8FC3-3B3E30336151}
	EndGlobalSection
EndGlobal
